# This file is generated by running "yarn install" inside your project.
# Manual changes might be lost - proceed with caution!

__metadata:
  version: 8
  cacheKey: 10c0

"husky@npm:^9.1.3":
  version: 9.1.3
  resolution: "husky@npm:9.1.3"
  bin:
    husky: bin.js
  checksum: 10c0/3fb8657ff97f529dab0b9a0afa6b818ec604f60c39abc13e8e3f4263ea30a3aa6fff7a1b625b8a53700899ce0ea2f5f656981c46b8f1837cfd84ddb6da883fb2
  languageName: node
  linkType: hard

"root-workspace-0b6124@workspace:.":
  version: 0.0.0-use.local
  resolution: "root-workspace-0b6124@workspace:."
  dependencies:
    husky: "npm:^9.1.3"
  languageName: unknown
  linkType: soft
